
Microsoft Visual Studio Solution File, Format Version 12.00
# Visual Studio Version 17
VisualStudioVersion = 17.0.31903.59
MinimumVisualStudioVersion = 10.0.40219.1
Project("{FAE04EC0-301F-11D3-BF4B-00C04F79EFBC}") = "Conduit", "src\Conduit.csproj", "{A5FF2E00-80B0-428B-8479-0D7D73B996CC}"
EndProject
Global
	GlobalSection(SolutionConfigurationPlatforms) = preSolution
		Debug|Any CPU = Debug|Any CPU
		Release|Any CPU = Release|Any CPU
	EndGlobalSection
	GlobalSection(SolutionProperties) = preSolution
		HideSolutionNode = FALSE
	EndGlobalSection
	GlobalSection(ProjectConfigurationPlatforms) = postSolution
		{A5FF2E00-80B0-428B-8479-0D7D73B996CC}.Debug|Any CPU.ActiveCfg = Debug|Any CPU
		{A5FF2E00-80B0-428B-8479-0D7D73B996CC}.Debug|Any CPU.Build.0 = Debug|Any CPU
		{A5FF2E00-80B0-428B-8479-0D7D73B996CC}.Release|Any CPU.ActiveCfg = Release|Any CPU
		{A5FF2E00-80B0-428B-8479-0D7D73B996CC}.Release|Any CPU.Build.0 = Release|Any CPU
	EndGlobalSection
EndGlobal
